
Microsoft Visual Studio Solution File, Format Version 12.00
# Visual Studio Version 16
VisualStudioVersion = 16.0.33423.256
MinimumVisualStudioVersion = 10.0.40219.1
Project("{FAE04EC0-301F-11D3-BF4B-00C04F79EFBC}") = "Nhom7", "Nhom7\Nhom7.csproj", "{B794975E-0C47-4262-9434-5B1671024C79}"
EndProject
Global
	GlobalSection(SolutionConfigurationPlatforms) = preSolution
		Debug|Any CPU = Debug|Any CPU
		Release|Any CPU = Release|Any CPU
	EndGlobalSection
	GlobalSection(ProjectConfigurationPlatforms) = postSolution
		{B794975E-0C47-4262-9434-5B1671024C79}.Debug|Any CPU.ActiveCfg = Debug|Any CPU
		{B794975E-0C47-4262-9434-5B1671024C79}.Debug|Any CPU.Build.0 = Debug|Any CPU
		{B794975E-0C47-4262-9434-5B1671024C79}.Release|Any CPU.ActiveCfg = Release|Any CPU
		{B794975E-0C47-4262-9434-5B1671024C79}.Release|Any CPU.Build.0 = Release|Any CPU
	EndGlobalSection
	GlobalSection(SolutionProperties) = preSolution
		HideSolutionNode = FALSE
	EndGlobalSection
	GlobalSection(ExtensibilityGlobals) = postSolution
		SolutionGuid = {B4CF61CA-C0C2-486A-B514-CD07B0010DD4}
	EndGlobalSection
EndGlobal
